
Microsoft Visual Studio Solution File, Format Version 12.00
# Visual Studio 15
VisualStudioVersion = 15.0.28307.705
MinimumVisualStudioVersion = 10.0.40219.1
Project("{9A19103F-16F7-4668-BE54-9A1E7A4F7556}") = "NLPKit", "NLPKit\NLPKit.csproj", "{0FF66E54-2762-4A32-9652-25E1A48C9672}"
EndProject
Project("{FAE04EC0-301F-11D3-BF4B-00C04F79EFBC}") = "NLPKet.UnitTest", "NLPKet.UnitTest\NLPKet.UnitTest.csproj", "{37B9406E-6C96-4820-9092-21340D0F1305}"
EndProject
Global
	GlobalSection(SolutionConfigurationPlatforms) = preSolution
		Debug|Any CPU = Debug|Any CPU
		Release|Any CPU = Release|Any CPU
	EndGlobalSection
	GlobalSection(ProjectConfigurationPlatforms) = postSolution
		{0FF66E54-2762-4A32-9652-25E1A48C9672}.Debug|Any CPU.ActiveCfg = Debug|Any CPU
		{0FF66E54-2762-4A32-9652-25E1A48C9672}.Debug|Any CPU.Build.0 = Debug|Any CPU
		{0FF66E54-2762-4A32-9652-25E1A48C9672}.Release|Any CPU.ActiveCfg = Release|Any CPU
		{0FF66E54-2762-4A32-9652-25E1A48C9672}.Release|Any CPU.Build.0 = Release|Any CPU
		{37B9406E-6C96-4820-9092-21340D0F1305}.Debug|Any CPU.ActiveCfg = Debug|Any CPU
		{37B9406E-6C96-4820-9092-21340D0F1305}.Debug|Any CPU.Build.0 = Debug|Any CPU
		{37B9406E-6C96-4820-9092-21340D0F1305}.Release|Any CPU.ActiveCfg = Release|Any CPU
		{37B9406E-6C96-4820-9092-21340D0F1305}.Release|Any CPU.Build.0 = Release|Any CPU
	EndGlobalSection
	GlobalSection(SolutionProperties) = preSolution
		HideSolutionNode = FALSE
	EndGlobalSection
	GlobalSection(ExtensibilityGlobals) = postSolution
		SolutionGuid = {5D8831C7-125F-47C6-B5E3-A5CB873B598D}
	EndGlobalSection
EndGlobal
